// !$*UTF8*$!
{
	archiveVersion = 1;
	classes = {
	};
	objectVersion = 50;
	objects = {

/* Begin PBXBuildFile section */
		DC607DE52174BA7E009C56A9 /* AppDelegate.swift in Sources */ = {isa = PBXBuildFile; fileRef = DC607DE42174BA7E009C56A9 /* AppDelegate.swift */; };
		DC607DE72174BA7E009C56A9 /* ViewController.swift in Sources */ = {isa = PBXBuildFile; fileRef = DC607DE62174BA7E009C56A9 /* ViewController.swift */; };
		DC607DE92174BA7F009C56A9 /* Assets.xcassets in Resources */ = {isa = PBXBuildFile; fileRef = DC607DE82174BA7F009C56A9 /* Assets.xcassets */; };
		DC607DEC2174BA7F009C56A9 /* Main.storyboard in Resources */ = {isa = PBXBuildFile; fileRef = DC607DEA2174BA7F009C56A9 /* Main.storyboard */; };
		DC7E28062175E2EA0091006B /* WindowController.swift in Sources */ = {isa = PBXBuildFile; fileRef = DC7E28052175E2EA0091006B /* WindowController.swift */; };
		DCA45C3D21760FA800C102CC /* Extensions.swift in Sources */ = {isa = PBXBuildFile; fileRef = DCA45C3C21760FA800C102CC /* Extensions.swift */; };
		DCA45C3F217736C700C102CC /* Line.swift in Sources */ = {isa = PBXBuildFile; fileRef = DCA45C3E217736C700C102CC /* Line.swift */; };
		DCA45C42217783C400C102CC /* PlayerView.swift in Sources */ = {isa = PBXBuildFile; fileRef = DCA45C40217783C400C102CC /* PlayerView.swift */; };
		DCA45C45217789A100C102CC /* LineWrapper.swift in Sources */ = {isa = PBXBuildFile; fileRef = DCA45C44217789A100C102CC /* LineWrapper.swift */; };
		DCA45C472177914300C102CC /* Subtitles.swift in Sources */ = {isa = PBXBuildFile; fileRef = DCA45C462177914300C102CC /* Subtitles.swift */; };
/* End PBXBuildFile section */

/* Begin PBXFileReference section */
		DC607DE12174BA7E009C56A9 /* SubSpotter.app */ = {isa = PBXFileReference; explicitFileType = wrapper.application; includeInIndex = 0; path = SubSpotter.app; sourceTree = BUILT_PRODUCTS_DIR; };
		DC607DE42174BA7E009C56A9 /* AppDelegate.swift */ = {isa = PBXFileReference; lastKnownFileType = sourcecode.swift; path = AppDelegate.swift; sourceTree = "<group>"; };
		DC607DE62174BA7E009C56A9 /* ViewController.swift */ = {isa = PBXFileReference; lastKnownFileType = sourcecode.swift; path = ViewController.swift; sourceTree = "<group>"; };
		DC607DE82174BA7F009C56A9 /* Assets.xcassets */ = {isa = PBXFileReference; lastKnownFileType = folder.assetcatalog; path = Assets.xcassets; sourceTree = "<group>"; };
		DC607DEB2174BA7F009C56A9 /* Base */ = {isa = PBXFileReference; lastKnownFileType = file.storyboard; name = Base; path = Base.lproj/Main.storyboard; sourceTree = "<group>"; };
		DC607DED2174BA7F009C56A9 /* Info.plist */ = {isa = PBXFileReference; lastKnownFileType = text.plist.xml; path = Info.plist; sourceTree = "<group>"; };
		DC607DEE2174BA7F009C56A9 /* SubSpotter.entitlements */ = {isa = PBXFileReference; lastKnownFileType = text.plist.entitlements; path = SubSpotter.entitlements; sourceTree = "<group>"; };
		DC7E28052175E2EA0091006B /* WindowController.swift */ = {isa = PBXFileReference; lastKnownFileType = sourcecode.swift; path = WindowController.swift; sourceTree = "<group>"; };
		DCA45C3C21760FA800C102CC /* Extensions.swift */ = {isa = PBXFileReference; lastKnownFileType = sourcecode.swift; path = Extensions.swift; sourceTree = "<group>"; };
		DCA45C3E217736C700C102CC /* Line.swift */ = {isa = PBXFileReference; lastKnownFileType = sourcecode.swift; path = Line.swift; sourceTree = "<group>"; };
		DCA45C40217783C400C102CC /* PlayerView.swift */ = {isa = PBXFileReference; lastKnownFileType = sourcecode.swift; path = PlayerView.swift; sourceTree = "<group>"; };
		DCA45C44217789A100C102CC /* LineWrapper.swift */ = {isa = PBXFileReference; lastKnownFileType = sourcecode.swift; path = LineWrapper.swift; sourceTree = "<group>"; };
		DCA45C462177914300C102CC /* Subtitles.swift */ = {isa = PBXFileReference; lastKnownFileType = sourcecode.swift; path = Subtitles.swift; sourceTree = "<group>"; };
/* End PBXFileReference section */

/* Begin PBXFrameworksBuildPhase section */
		DC607DDE2174BA7E009C56A9 /* Frameworks */ = {
			isa = PBXFrameworksBuildPhase;
			buildActionMask = 2147483647;
			files = (
			);
			runOnlyForDeploymentPostprocessing = 0;
		};
/* End PBXFrameworksBuildPhase section */

/* Begin PBXGroup section */
		DC607DD82174BA7E009C56A9 = {
			isa = PBXGroup;
			children = (
				DC607DE32174BA7E009C56A9 /* SubSpotter */,
				DC607DE22174BA7E009C56A9 /* Products */,
			);
			sourceTree = "<group>";
		};
		DC607DE22174BA7E009C56A9 /* Products */ = {
			isa = PBXGroup;
			children = (
				DC607DE12174BA7E009C56A9 /* SubSpotter.app */,
			);
			name = Products;
			sourceTree = "<group>";
		};
		DC607DE32174BA7E009C56A9 /* SubSpotter */ = {
			isa = PBXGroup;
			children = (
				DC607DE42174BA7E009C56A9 /* AppDelegate.swift */,
				DC607DE62174BA7E009C56A9 /* ViewController.swift */,
				DC607DE82174BA7F009C56A9 /* Assets.xcassets */,
				DC607DEA2174BA7F009C56A9 /* Main.storyboard */,
				DC607DED2174BA7F009C56A9 /* Info.plist */,
				DC607DEE2174BA7F009C56A9 /* SubSpotter.entitlements */,
				DC7E28052175E2EA0091006B /* WindowController.swift */,
				DCA45C3C21760FA800C102CC /* Extensions.swift */,
				DCA45C3E217736C700C102CC /* Line.swift */,
				DCA45C44217789A100C102CC /* LineWrapper.swift */,
				DCA45C40217783C400C102CC /* PlayerView.swift */,
				DCA45C462177914300C102CC /* Subtitles.swift */,
			);
			path = SubSpotter;
			sourceTree = "<group>";
		};
/* End PBXGroup section */

/* Begin PBXNativeTarget section */
		DC607DE02174BA7E009C56A9 /* SubSpotter */ = {
			isa = PBXNativeTarget;
			buildConfigurationList = DC607DF12174BA7F009C56A9 /* Build configuration list for PBXNativeTarget "SubSpotter" */;
			buildPhases = (
				DC607DDD2174BA7E009C56A9 /* Sources */,
				DC607DDE2174BA7E009C56A9 /* Frameworks */,
				DC607DDF2174BA7E009C56A9 /* Resources */,
			);
			buildRules = (
			);
			dependencies = (
			);
			name = SubSpotter;
			productName = SubSpotter;
			productReference = DC607DE12174BA7E009C56A9 /* SubSpotter.app */;
			productType = "com.apple.product-type.application";
		};
/* End PBXNativeTarget section */

/* Begin PBXProject section */
		DC607DD92174BA7E009C56A9 /* Project object */ = {
			isa = PBXProject;
			attributes = {
				LastSwiftUpdateCheck = 0940;
				LastUpgradeCheck = 0940;
				ORGANIZATIONNAME = "Iggy Drougge";
				TargetAttributes = {
					DC607DE02174BA7E009C56A9 = {
						CreatedOnToolsVersion = 9.4.1;
					};
				};
			};
			buildConfigurationList = DC607DDC2174BA7E009C56A9 /* Build configuration list for PBXProject "SubSpotter" */;
			compatibilityVersion = "Xcode 9.3";
			developmentRegion = en;
			hasScannedForEncodings = 0;
			knownRegions = (
				en,
				Base,
			);
			mainGroup = DC607DD82174BA7E009C56A9;
			productRefGroup = DC607DE22174BA7E009C56A9 /* Products */;
			projectDirPath = "";
			projectRoot = "";
			targets = (
				DC607DE02174BA7E009C56A9 /* SubSpotter */,
			);
		};
/* End PBXProject section */

/* Begin PBXResourcesBuildPhase section */
		DC607DDF2174BA7E009C56A9 /* Resources */ = {
			isa = PBXResourcesBuildPhase;
			buildActionMask = 2147483647;
			files = (
				DC607DE92174BA7F009C56A9 /* Assets.xcassets in Resources */,
				DC607DEC2174BA7F009C56A9 /* Main.storyboard in Resources */,
			);
			runOnlyForDeploymentPostprocessing = 0;
		};
/* End PBXResourcesBuildPhase section */

/* Begin PBXSourcesBuildPhase section */
		DC607DDD2174BA7E009C56A9 /* Sources */ = {
			isa = PBXSourcesBuildPhase;
			buildActionMask = 2147483647;
			files = (
				DC607DE72174BA7E009C56A9 /* ViewController.swift in Sources */,
				DCA45C472177914300C102CC /* Subtitles.swift in Sources */,
				DC7E28062175E2EA0091006B /* WindowController.swift in Sources */,
				DC607DE52174BA7E009C56A9 /* AppDelegate.swift in Sources */,
				DCA45C42217783C400C102CC /* PlayerView.swift in Sources */,
				DCA45C45217789A100C102CC /* LineWrapper.swift in Sources */,
				DCA45C3D21760FA800C102CC /* Extensions.swift in Sources */,
				DCA45C3F217736C700C102CC /* Line.swift in Sources */,
			);
			runOnlyForDeploymentPostprocessing = 0;
		};
/* End PBXSourcesBuildPhase section */

/* Begin PBXVariantGroup section */
		DC607DEA2174BA7F009C56A9 /* Main.storyboard */ = {
			isa = PBXVariantGroup;
			children = (
				DC607DEB2174BA7F009C56A9 /* Base */,
			);
			name = Main.storyboard;
			sourceTree = "<group>";
		};
/* End PBXVariantGroup section */

/* Begin XCBuildConfiguration section */
		DC607DEF2174BA7F009C56A9 /* Debug */ = {
			isa = XCBuildConfiguration;
			buildSettings = {
				ALWAYS_SEARCH_USER_PATHS = NO;
				CLANG_ANALYZER_NONNULL = YES;
				CLANG_ANALYZER_NUMBER_OBJECT_CONVERSION = YES_AGGRESSIVE;
				CLANG_CXX_LANGUAGE_STANDARD = "gnu++14";
				CLANG_CXX_LIBRARY = "libc++";
				CLANG_ENABLE_MODULES = YES;
				CLANG_ENABLE_OBJC_ARC = YES;
				CLANG_ENABLE_OBJC_WEAK = YES;
				CLANG_WARN_BLOCK_CAPTURE_AUTORELEASING = YES;
				CLANG_WARN_BOOL_CONVERSION = YES;
				CLANG_WARN_COMMA = YES;
				CLANG_WARN_CONSTANT_CONVERSION = YES;
				CLANG_WARN_DEPRECATED_OBJC_IMPLEMENTATIONS = YES;
				CLANG_WARN_DIRECT_OBJC_ISA_USAGE = YES_ERROR;
				CLANG_WARN_DOCUMENTATION_COMMENTS = YES;
				CLANG_WARN_EMPTY_BODY = YES;
				CLANG_WARN_ENUM_CONVERSION = YES;
				CLANG_WARN_INFINITE_RECURSION = YES;
				CLANG_WARN_INT_CONVERSION = YES;
				CLANG_WARN_NON_LITERAL_NULL_CONVERSION = YES;
				CLANG_WARN_OBJC_IMPLICIT_RETAIN_SELF = YES;
				CLANG_WARN_OBJC_LITERAL_CONVERSION = YES;
				CLANG_WARN_OBJC_ROOT_CLASS = YES_ERROR;
				CLANG_WARN_RANGE_LOOP_ANALYSIS = YES;
				CLANG_WARN_STRICT_PROTOTYPES = YES;
				CLANG_WARN_SUSPICIOUS_MOVE = YES;
				CLANG_WARN_UNGUARDED_AVAILABILITY = YES_AGGRESSIVE;
				CLANG_WARN_UNREACHABLE_CODE = YES;
				CLANG_WARN__DUPLICATE_METHOD_MATCH = YES;
				CODE_SIGN_IDENTITY = "Mac Developer";
				COPY_PHASE_STRIP = NO;
				DEBUG_INFORMATION_FORMAT = dwarf;
				ENABLE_STRICT_OBJC_MSGSEND = YES;
				ENABLE_TESTABILITY = YES;
				GCC_C_LANGUAGE_STANDARD = gnu11;
				GCC_DYNAMIC_NO_PIC = NO;
				GCC_NO_COMMON_BLOCKS = YES;
				GCC_OPTIMIZATION_LEVEL = 0;
				GCC_PREPROCESSOR_DEFINITIONS = (
					"DEBUG=1",
					"$(inherited)",
				);
				GCC_WARN_64_TO_32_BIT_CONVERSION = YES;
				GCC_WARN_ABOUT_RETURN_TYPE = YES_ERROR;
				GCC_WARN_UNDECLARED_SELECTOR = YES;
				GCC_WARN_UNINITIALIZED_AUTOS = YES_AGGRESSIVE;
				GCC_WARN_UNUSED_FUNCTION = YES;
				GCC_WARN_UNUSED_VARIABLE = YES;
				MACOSX_DEPLOYMENT_TARGET = 10.13;
				MTL_ENABLE_DEBUG_INFO = YES;
				ONLY_ACTIVE_ARCH = YES;
				SDKROOT = macosx;
				SWIFT_ACTIVE_COMPILATION_CONDITIONS = DEBUG;
				SWIFT_OPTIMIZATION_LEVEL = "-Onone";
			};
			name = Debug;
		};
		DC607DF02174BA7F009C56A9 /* Release */ = {
			isa = XCBuildConfiguration;
			buildSettings = {
				ALWAYS_SEARCH_USER_PATHS = NO;
				CLANG_ANALYZER_NONNULL = YES;
				CLANG_ANALYZER_NUMBER_OBJECT_CONVERSION = YES_AGGRESSIVE;
				CLANG_CXX_LANGUAGE_STANDARD = "gnu++14";
				CLANG_CXX_LIBRARY = "libc++";
				CLANG_ENABLE_MODULES = YES;
				CLANG_ENABLE_OBJC_ARC = YES;
				CLANG_ENABLE_OBJC_WEAK = YES;
				CLANG_WARN_BLOCK_CAPTURE_AUTORELEASING = YES;
				CLANG_WARN_BOOL_CONVERSION = YES;
				CLANG_WARN_COMMA = YES;
				CLANG_WARN_CONSTANT_CONVERSION = YES;
				CLANG_WARN_DEPRECATED_OBJC_IMPLEMENTATIONS = YES;
				CLANG_WARN_DIRECT_OBJC_ISA_USAGE = YES_ERROR;
				CLANG_WARN_DOCUMENTATION_COMMENTS = YES;
				CLANG_WARN_EMPTY_BODY = YES;
				CLANG_WARN_ENUM_CONVERSION = YES;
				CLANG_WARN_INFINITE_RECURSION = YES;
				CLANG_WARN_INT_CONVERSION = YES;
				CLANG_WARN_NON_LITERAL_NULL_CONVERSION = YES;
				CLANG_WARN_OBJC_IMPLICIT_RETAIN_SELF = YES;
				CLANG_WARN_OBJC_LITERAL_CONVERSION = YES;
				CLANG_WARN_OBJC_ROOT_CLASS = YES_ERROR;
				CLANG_WARN_RANGE_LOOP_ANALYSIS = YES;
				CLANG_WARN_STRICT_PROTOTYPES = YES;
				CLANG_WARN_SUSPICIOUS_MOVE = YES;
				CLANG_WARN_UNGUARDED_AVAILABILITY = YES_AGGRESSIVE;
				CLANG_WARN_UNREACHABLE_CODE = YES;
				CLANG_WARN__DUPLICATE_METHOD_MATCH = YES;
				CODE_SIGN_IDENTITY = "Mac Developer";
				COPY_PHASE_STRIP = NO;
				DEBUG_INFORMATION_FORMAT = "dwarf-with-dsym";
				ENABLE_NS_ASSERTIONS = NO;
				ENABLE_STRICT_OBJC_MSGSEND = YES;
				GCC_C_LANGUAGE_STANDARD = gnu11;
				GCC_NO_COMMON_BLOCKS = YES;
				GCC_WARN_64_TO_32_BIT_CONVERSION = YES;
				GCC_WARN_ABOUT_RETURN_TYPE = YES_ERROR;
				GCC_WARN_UNDECLARED_SELECTOR = YES;
				GCC_WARN_UNINITIALIZED_AUTOS = YES_AGGRESSIVE;
				GCC_WARN_UNUSED_FUNCTION = YES;
				GCC_WARN_UNUSED_VARIABLE = YES;
				MACOSX_DEPLOYMENT_TARGET = 10.13;
				MTL_ENABLE_DEBUG_INFO = NO;
				SDKROOT = macosx;
				SWIFT_COMPILATION_MODE = wholemodule;
				SWIFT_OPTIMIZATION_LEVEL = "-O";
			};
			name = Release;
		};
		DC607DF22174BA7F009C56A9 /* Debug */ = {
			isa = XCBuildConfiguration;
			buildSettings = {
				ASSETCATALOG_COMPILER_APPICON_NAME = AppIcon;
				CODE_SIGN_STYLE = Automatic;
				COMBINE_HIDPI_IMAGES = YES;
				DEVELOPMENT_TEAM = 4AZ9573G2J;
				INFOPLIST_FILE = SubSpotter/Info.plist;
				LD_RUNPATH_SEARCH_PATHS = (
					"$(inherited)",
					"@executable_path/../Frameworks",
				);
				PRODUCT_BUNDLE_IDENTIFIER = org.kristallpojken.SubSpotter;
				PRODUCT_NAME = "$(TARGET_NAME)";
				SWIFT_VERSION = 4.0;
			};
			name = Debug;
		};
		DC607DF32174BA7F009C56A9 /* Release */ = {
			isa = XCBuildConfiguration;
			buildSettings = {
				ASSETCATALOG_COMPILER_APPICON_NAME = AppIcon;
				CODE_SIGN_STYLE = Automatic;
				COMBINE_HIDPI_IMAGES = YES;
				DEVELOPMENT_TEAM = 4AZ9573G2J;
				INFOPLIST_FILE = SubSpotter/Info.plist;
				LD_RUNPATH_SEARCH_PATHS = (
					"$(inherited)",
					"@executable_path/../Frameworks",
				);
				PRODUCT_BUNDLE_IDENTIFIER = org.kristallpojken.SubSpotter;
				PRODUCT_NAME = "$(TARGET_NAME)";
				SWIFT_VERSION = 4.0;
			};
			name = Release;
		};
/* End XCBuildConfiguration section */

/* Begin XCConfigurationList section */
		DC607DDC2174BA7E009C56A9 /* Build configuration list for PBXProject "SubSpotter" */ = {
			isa = XCConfigurationList;
			buildConfigurations = (
				DC607DEF2174BA7F009C56A9 /* Debug */,
				DC607DF02174BA7F009C56A9 /* Release */,
			);
			defaultConfigurationIsVisible = 0;
			defaultConfigurationName = Release;
		};
		DC607DF12174BA7F009C56A9 /* Build configuration list for PBXNativeTarget "SubSpotter" */ = {
			isa = XCConfigurationList;
			buildConfigurations = (
				DC607DF22174BA7F009C56A9 /* Debug */,
				DC607DF32174BA7F009C56A9 /* Release */,
			);
			defaultConfigurationIsVisible = 0;
			defaultConfigurationName = Release;
		};
/* End XCConfigurationList section */
	};
	rootObject = DC607DD92174BA7E009C56A9 /* Project object */;
}
